
Microsoft Visual Studio Solution File, Format Version 12.00
# Visual Studio Version 17
VisualStudioVersion = 17.5.33502.453
MinimumVisualStudioVersion = 10.0.40219.1
Project("{9A19103F-16F7-4668-BE54-9A1E7A4F7556}") = "Test", "Test\Test.csproj", "{5008E6FE-914F-46FC-AE0C-4F6C1F771A38}"
EndProject
Project("{9A19103F-16F7-4668-BE54-9A1E7A4F7556}") = "ShapeTest", "..\ShapeTest\ShapeTest\ShapeTest.csproj", "{A71007DD-3A98-4DDE-9592-506BD66FC080}"
EndProject
Global
	GlobalSection(SolutionConfigurationPlatforms) = preSolution
		Debug|Any CPU = Debug|Any CPU
		Release|Any CPU = Release|Any CPU
	EndGlobalSection
	GlobalSection(ProjectConfigurationPlatforms) = postSolution
		{5008E6FE-914F-46FC-AE0C-4F6C1F771A38}.Debug|Any CPU.ActiveCfg = Debug|Any CPU
		{5008E6FE-914F-46FC-AE0C-4F6C1F771A38}.Debug|Any CPU.Build.0 = Debug|Any CPU
		{5008E6FE-914F-46FC-AE0C-4F6C1F771A38}.Release|Any CPU.ActiveCfg = Release|Any CPU
		{5008E6FE-914F-46FC-AE0C-4F6C1F771A38}.Release|Any CPU.Build.0 = Release|Any CPU
		{A71007DD-3A98-4DDE-9592-506BD66FC080}.Debug|Any CPU.ActiveCfg = Debug|Any CPU
		{A71007DD-3A98-4DDE-9592-506BD66FC080}.Debug|Any CPU.Build.0 = Debug|Any CPU
		{A71007DD-3A98-4DDE-9592-506BD66FC080}.Release|Any CPU.ActiveCfg = Release|Any CPU
		{A71007DD-3A98-4DDE-9592-506BD66FC080}.Release|Any CPU.Build.0 = Release|Any CPU
	EndGlobalSection
	GlobalSection(SolutionProperties) = preSolution
		HideSolutionNode = FALSE
	EndGlobalSection
	GlobalSection(ExtensibilityGlobals) = postSolution
		SolutionGuid = {4B68BB25-1CCC-44B9-8475-C954FED70E07}
	EndGlobalSection
EndGlobal
